
Microsoft Visual Studio Solution File, Format Version 12.00
# Visual Studio 2012
Project("{FAE04EC0-301F-11D3-BF4B-00C04F79EFBC}") = "Vital.Business.Repositories", "BusinessLayer\Vital.Business.Repositories\Vital.Business.Repositories.csproj", "{FB00C8E7-1EB7-47CF-9BA5-2C7BEF96EDF7}"
EndProject
Project("{FAE04EC0-301F-11D3-BF4B-00C04F79EFBC}") = "Vital.Business", "BusinessLayer\Vital.Business\Vital.Business.csproj", "{15207664-0380-4CD6-B827-8505EE109235}"
EndProject
Project("{FAE04EC0-301F-11D3-BF4B-00C04F79EFBC}") = "Vital.Business.Shared", "BusinessLayer\Vital.Business.Shared\Vital.Business.Shared.csproj", "{ADA57A75-5E31-4FAF-829C-4AA513513E2B}"
EndProject
Project("{FAE04EC0-301F-11D3-BF4B-00C04F79EFBC}") = "Vital.DataLayer", "DataLayer\Vital.DataLayer.csproj", "{1C7EB321-8DC4-44BC-93D7-C851762011E5}"
EndProject
Project("{FAE04EC0-301F-11D3-BF4B-00C04F79EFBC}") = "Vital.DataLayerDBSpecific", "DataLayer\Vital.DataLayerDBSpecific.csproj", "{732720FE-3BEE-46CA-A269-66ED028C31AA}"
EndProject
Project("{FAE04EC0-301F-11D3-BF4B-00C04F79EFBC}") = "Vital.UI", "PresentationLayer\Vital.UI\Vital.UI.csproj", "{21728AAC-43C0-4E46-9243-E5A0A67E76B0}"
EndProject
Project("{FAE04EC0-301F-11D3-BF4B-00C04F79EFBC}") = "Vital.UnitTests", "Vital.UnitTests\Vital.UnitTests.csproj", "{66F9202B-23E1-47E1-AEA6-3CF88FA1DC01}"
EndProject
Project("{FAE04EC0-301F-11D3-BF4B-00C04F79EFBC}") = "Vital.Hardware", "Vital.Hardware\Vital.Hardware\Vital.Hardware.csproj", "{9CDAFD9F-1CBA-450B-9CE5-CB6CDB9A5640}"
EndProject
Project("{FAE04EC0-301F-11D3-BF4B-00C04F79EFBC}") = "Vital.Update", "Vital.Update\Vital.Update.csproj", "{94D3BC7D-258A-421F-808F-DA7C5A35ECC7}"
EndProject
Project("{2150E333-8FDC-42A3-9474-1A3956D46DE8}") = "4.Datalayer", "4.Datalayer", "{F7AF637F-C905-4F00-A40C-E2D7D353CF77}"
	ProjectSection(SolutionItems) = preProject
		DataLayer\VitalExpert.llblgenproj = DataLayer\VitalExpert.llblgenproj
	EndProjectSection
EndProject
Project("{2150E333-8FDC-42A3-9474-1A3956D46DE8}") = "1.Hardware", "1.Hardware", "{C2C70ED4-37E5-4A25-90A6-5C1F31A2E178}"
EndProject
Project("{2150E333-8FDC-42A3-9474-1A3956D46DE8}") = "2.BusinessLayer", "2.BusinessLayer", "{D4548BF6-FDD3-4BB6-8886-32ECD85E5C58}"
EndProject
Project("{2150E333-8FDC-42A3-9474-1A3956D46DE8}") = "3.PresentationLayer", "3.PresentationLayer", "{9347B6F4-9039-4266-B689-4483AE99898C}"
EndProject
Project("{2150E333-8FDC-42A3-9474-1A3956D46DE8}") = "5.UnitTest", "5.UnitTest", "{966FD70D-BBD0-4C4A-8517-D88C0A16FAD7}"
EndProject
Project("{2150E333-8FDC-42A3-9474-1A3956D46DE8}") = "6.Update", "6.Update", "{77BBBE40-FDAB-4495-B787-C1D93CD82810}"
EndProject
Global
	GlobalSection(SolutionConfigurationPlatforms) = preSolution
		ClickOnce Deployment|Any CPU = ClickOnce Deployment|Any CPU
		ClickOnce Deployment|Itanium = ClickOnce Deployment|Itanium
		ClickOnce Deployment|Mixed Platforms = ClickOnce Deployment|Mixed Platforms
		ClickOnce Deployment|x64 = ClickOnce Deployment|x64
		ClickOnce Deployment|x86 = ClickOnce Deployment|x86
		Debug|Any CPU = Debug|Any CPU
		Debug|Itanium = Debug|Itanium
		Debug|Mixed Platforms = Debug|Mixed Platforms
		Debug|x64 = Debug|x64
		Debug|x86 = Debug|x86
		Release|Any CPU = Release|Any CPU
		Release|Itanium = Release|Itanium
		Release|Mixed Platforms = Release|Mixed Platforms
		Release|x64 = Release|x64
		Release|x86 = Release|x86
	EndGlobalSection
	GlobalSection(ProjectConfigurationPlatforms) = postSolution
		{FB00C8E7-1EB7-47CF-9BA5-2C7BEF96EDF7}.ClickOnce Deployment|Any CPU.ActiveCfg = ClickOnce Deployment|Any CPU
		{FB00C8E7-1EB7-47CF-9BA5-2C7BEF96EDF7}.ClickOnce Deployment|Any CPU.Build.0 = ClickOnce Deployment|Any CPU
		{FB00C8E7-1EB7-47CF-9BA5-2C7BEF96EDF7}.ClickOnce Deployment|Itanium.ActiveCfg = ClickOnce Deployment|Any CPU
		{FB00C8E7-1EB7-47CF-9BA5-2C7BEF96EDF7}.ClickOnce Deployment|Mixed Platforms.ActiveCfg = ClickOnce Deployment|x64
		{FB00C8E7-1EB7-47CF-9BA5-2C7BEF96EDF7}.ClickOnce Deployment|Mixed Platforms.Build.0 = ClickOnce Deployment|x64
		{FB00C8E7-1EB7-47CF-9BA5-2C7BEF96EDF7}.ClickOnce Deployment|x64.ActiveCfg = ClickOnce Deployment|x64
		{FB00C8E7-1EB7-47CF-9BA5-2C7BEF96EDF7}.ClickOnce Deployment|x64.Build.0 = ClickOnce Deployment|x64
		{FB00C8E7-1EB7-47CF-9BA5-2C7BEF96EDF7}.ClickOnce Deployment|x86.ActiveCfg = ClickOnce Deployment|x86
		{FB00C8E7-1EB7-47CF-9BA5-2C7BEF96EDF7}.ClickOnce Deployment|x86.Build.0 = ClickOnce Deployment|x86
		{FB00C8E7-1EB7-47CF-9BA5-2C7BEF96EDF7}.Debug|Any CPU.ActiveCfg = Debug|x86
		{FB00C8E7-1EB7-47CF-9BA5-2C7BEF96EDF7}.Debug|Any CPU.Build.0 = Debug|x86
		{FB00C8E7-1EB7-47CF-9BA5-2C7BEF96EDF7}.Debug|Itanium.ActiveCfg = Debug|Any CPU
		{FB00C8E7-1EB7-47CF-9BA5-2C7BEF96EDF7}.Debug|Mixed Platforms.ActiveCfg = Debug|Any CPU
		{FB00C8E7-1EB7-47CF-9BA5-2C7BEF96EDF7}.Debug|Mixed Platforms.Build.0 = Debug|Any CPU
		{FB00C8E7-1EB7-47CF-9BA5-2C7BEF96EDF7}.Debug|x64.ActiveCfg = Debug|x64
		{FB00C8E7-1EB7-47CF-9BA5-2C7BEF96EDF7}.Debug|x64.Build.0 = Debug|x64
		{FB00C8E7-1EB7-47CF-9BA5-2C7BEF96EDF7}.Debug|x86.ActiveCfg = Debug|x86
		{FB00C8E7-1EB7-47CF-9BA5-2C7BEF96EDF7}.Debug|x86.Build.0 = Debug|x86
		{FB00C8E7-1EB7-47CF-9BA5-2C7BEF96EDF7}.Release|Any CPU.ActiveCfg = Release|Any CPU
		{FB00C8E7-1EB7-47CF-9BA5-2C7BEF96EDF7}.Release|Any CPU.Build.0 = Release|Any CPU
		{FB00C8E7-1EB7-47CF-9BA5-2C7BEF96EDF7}.Release|Itanium.ActiveCfg = Release|Any CPU
		{FB00C8E7-1EB7-47CF-9BA5-2C7BEF96EDF7}.Release|Mixed Platforms.ActiveCfg = Release|Any CPU
		{FB00C8E7-1EB7-47CF-9BA5-2C7BEF96EDF7}.Release|Mixed Platforms.Build.0 = Release|Any CPU
		{FB00C8E7-1EB7-47CF-9BA5-2C7BEF96EDF7}.Release|x64.ActiveCfg = Release|x64
		{FB00C8E7-1EB7-47CF-9BA5-2C7BEF96EDF7}.Release|x64.Build.0 = Release|x64
		{FB00C8E7-1EB7-47CF-9BA5-2C7BEF96EDF7}.Release|x86.ActiveCfg = Release|Any CPU
		{15207664-0380-4CD6-B827-8505EE109235}.ClickOnce Deployment|Any CPU.ActiveCfg = ClickOnce Deployment|Any CPU
		{15207664-0380-4CD6-B827-8505EE109235}.ClickOnce Deployment|Any CPU.Build.0 = ClickOnce Deployment|Any CPU
		{15207664-0380-4CD6-B827-8505EE109235}.ClickOnce Deployment|Itanium.ActiveCfg = ClickOnce Deployment|Any CPU
		{15207664-0380-4CD6-B827-8505EE109235}.ClickOnce Deployment|Mixed Platforms.ActiveCfg = ClickOnce Deployment|x64
		{15207664-0380-4CD6-B827-8505EE109235}.ClickOnce Deployment|Mixed Platforms.Build.0 = ClickOnce Deployment|x64
		{15207664-0380-4CD6-B827-8505EE109235}.ClickOnce Deployment|x64.ActiveCfg = ClickOnce Deployment|x64
		{15207664-0380-4CD6-B827-8505EE109235}.ClickOnce Deployment|x64.Build.0 = ClickOnce Deployment|x64
		{15207664-0380-4CD6-B827-8505EE109235}.ClickOnce Deployment|x86.ActiveCfg = ClickOnce Deployment|x86
		{15207664-0380-4CD6-B827-8505EE109235}.ClickOnce Deployment|x86.Build.0 = ClickOnce Deployment|x86
		{15207664-0380-4CD6-B827-8505EE109235}.Debug|Any CPU.ActiveCfg = Debug|x86
		{15207664-0380-4CD6-B827-8505EE109235}.Debug|Any CPU.Build.0 = Debug|x86
		{15207664-0380-4CD6-B827-8505EE109235}.Debug|Itanium.ActiveCfg = Debug|Any CPU
		{15207664-0380-4CD6-B827-8505EE109235}.Debug|Mixed Platforms.ActiveCfg = Debug|Any CPU
		{15207664-0380-4CD6-B827-8505EE109235}.Debug|Mixed Platforms.Build.0 = Debug|Any CPU
		{15207664-0380-4CD6-B827-8505EE109235}.Debug|x64.ActiveCfg = Debug|x64
		{15207664-0380-4CD6-B827-8505EE109235}.Debug|x64.Build.0 = Debug|x64
		{15207664-0380-4CD6-B827-8505EE109235}.Debug|x86.ActiveCfg = Debug|x86
		{15207664-0380-4CD6-B827-8505EE109235}.Debug|x86.Build.0 = Debug|x86
		{15207664-0380-4CD6-B827-8505EE109235}.Release|Any CPU.ActiveCfg = Release|Any CPU
		{15207664-0380-4CD6-B827-8505EE109235}.Release|Any CPU.Build.0 = Release|Any CPU
		{15207664-0380-4CD6-B827-8505EE109235}.Release|Itanium.ActiveCfg = Release|Any CPU
		{15207664-0380-4CD6-B827-8505EE109235}.Release|Mixed Platforms.ActiveCfg = Release|Any CPU
		{15207664-0380-4CD6-B827-8505EE109235}.Release|Mixed Platforms.Build.0 = Release|Any CPU
		{15207664-0380-4CD6-B827-8505EE109235}.Release|x64.ActiveCfg = Release|x64
		{15207664-0380-4CD6-B827-8505EE109235}.Release|x64.Build.0 = Release|x64
		{15207664-0380-4CD6-B827-8505EE109235}.Release|x86.ActiveCfg = Release|Any CPU
		{ADA57A75-5E31-4FAF-829C-4AA513513E2B}.ClickOnce Deployment|Any CPU.ActiveCfg = ClickOnce Deployment|Any CPU
		{ADA57A75-5E31-4FAF-829C-4AA513513E2B}.ClickOnce Deployment|Any CPU.Build.0 = ClickOnce Deployment|Any CPU
		{ADA57A75-5E31-4FAF-829C-4AA513513E2B}.ClickOnce Deployment|Itanium.ActiveCfg = ClickOnce Deployment|Any CPU
		{ADA57A75-5E31-4FAF-829C-4AA513513E2B}.ClickOnce Deployment|Mixed Platforms.ActiveCfg = ClickOnce Deployment|x64
		{ADA57A75-5E31-4FAF-829C-4AA513513E2B}.ClickOnce Deployment|Mixed Platforms.Build.0 = ClickOnce Deployment|x64
		{ADA57A75-5E31-4FAF-829C-4AA513513E2B}.ClickOnce Deployment|x64.ActiveCfg = ClickOnce Deployment|x64
		{ADA57A75-5E31-4FAF-829C-4AA513513E2B}.ClickOnce Deployment|x64.Build.0 = ClickOnce Deployment|x64
		{ADA57A75-5E31-4FAF-829C-4AA513513E2B}.ClickOnce Deployment|x86.ActiveCfg = ClickOnce Deployment|x86
		{ADA57A75-5E31-4FAF-829C-4AA513513E2B}.ClickOnce Deployment|x86.Build.0 = ClickOnce Deployment|x86
		{ADA57A75-5E31-4FAF-829C-4AA513513E2B}.Debug|Any CPU.ActiveCfg = Debug|x86
		{ADA57A75-5E31-4FAF-829C-4AA513513E2B}.Debug|Any CPU.Build.0 = Debug|x86
		{ADA57A75-5E31-4FAF-829C-4AA513513E2B}.Debug|Itanium.ActiveCfg = Debug|Any CPU
		{ADA57A75-5E31-4FAF-829C-4AA513513E2B}.Debug|Mixed Platforms.ActiveCfg = Debug|Any CPU
		{ADA57A75-5E31-4FAF-829C-4AA513513E2B}.Debug|Mixed Platforms.Build.0 = Debug|Any CPU
		{ADA57A75-5E31-4FAF-829C-4AA513513E2B}.Debug|x64.ActiveCfg = Debug|x64
		{ADA57A75-5E31-4FAF-829C-4AA513513E2B}.Debug|x64.Build.0 = Debug|x64
		{ADA57A75-5E31-4FAF-829C-4AA513513E2B}.Debug|x86.ActiveCfg = Debug|x86
		{ADA57A75-5E31-4FAF-829C-4AA513513E2B}.Debug|x86.Build.0 = Debug|x86
		{ADA57A75-5E31-4FAF-829C-4AA513513E2B}.Release|Any CPU.ActiveCfg = Release|Any CPU
		{ADA57A75-5E31-4FAF-829C-4AA513513E2B}.Release|Any CPU.Build.0 = Release|Any CPU
		{ADA57A75-5E31-4FAF-829C-4AA513513E2B}.Release|Itanium.ActiveCfg = Release|Any CPU
		{ADA57A75-5E31-4FAF-829C-4AA513513E2B}.Release|Mixed Platforms.ActiveCfg = Release|Any CPU
		{ADA57A75-5E31-4FAF-829C-4AA513513E2B}.Release|Mixed Platforms.Build.0 = Release|Any CPU
		{ADA57A75-5E31-4FAF-829C-4AA513513E2B}.Release|x64.ActiveCfg = Release|x64
		{ADA57A75-5E31-4FAF-829C-4AA513513E2B}.Release|x64.Build.0 = Release|x64
		{ADA57A75-5E31-4FAF-829C-4AA513513E2B}.Release|x86.ActiveCfg = Release|Any CPU
		{1C7EB321-8DC4-44BC-93D7-C851762011E5}.ClickOnce Deployment|Any CPU.ActiveCfg = ClickOnce Deployment|Any CPU
		{1C7EB321-8DC4-44BC-93D7-C851762011E5}.ClickOnce Deployment|Any CPU.Build.0 = ClickOnce Deployment|Any CPU
		{1C7EB321-8DC4-44BC-93D7-C851762011E5}.ClickOnce Deployment|Itanium.ActiveCfg = ClickOnce Deployment|Any CPU
		{1C7EB321-8DC4-44BC-93D7-C851762011E5}.ClickOnce Deployment|Mixed Platforms.ActiveCfg = ClickOnce Deployment|x64
		{1C7EB321-8DC4-44BC-93D7-C851762011E5}.ClickOnce Deployment|Mixed Platforms.Build.0 = ClickOnce Deployment|x64
		{1C7EB321-8DC4-44BC-93D7-C851762011E5}.ClickOnce Deployment|x64.ActiveCfg = ClickOnce Deployment|x64
		{1C7EB321-8DC4-44BC-93D7-C851762011E5}.ClickOnce Deployment|x64.Build.0 = ClickOnce Deployment|x64
		{1C7EB321-8DC4-44BC-93D7-C851762011E5}.ClickOnce Deployment|x86.ActiveCfg = ClickOnce Deployment|x86
		{1C7EB321-8DC4-44BC-93D7-C851762011E5}.ClickOnce Deployment|x86.Build.0 = ClickOnce Deployment|x86
		{1C7EB321-8DC4-44BC-93D7-C851762011E5}.Debug|Any CPU.ActiveCfg = Debug|x86
		{1C7EB321-8DC4-44BC-93D7-C851762011E5}.Debug|Any CPU.Build.0 = Debug|x86
		{1C7EB321-8DC4-44BC-93D7-C851762011E5}.Debug|Itanium.ActiveCfg = Debug|Any CPU
		{1C7EB321-8DC4-44BC-93D7-C851762011E5}.Debug|Mixed Platforms.ActiveCfg = Debug|Any CPU
		{1C7EB321-8DC4-44BC-93D7-C851762011E5}.Debug|Mixed Platforms.Build.0 = Debug|Any CPU
		{1C7EB321-8DC4-44BC-93D7-C851762011E5}.Debug|x64.ActiveCfg = Debug|x64
		{1C7EB321-8DC4-44BC-93D7-C851762011E5}.Debug|x64.Build.0 = Debug|x64
		{1C7EB321-8DC4-44BC-93D7-C851762011E5}.Debug|x86.ActiveCfg = Debug|x86
		{1C7EB321-8DC4-44BC-93D7-C851762011E5}.Debug|x86.Build.0 = Debug|x86
		{1C7EB321-8DC4-44BC-93D7-C851762011E5}.Release|Any CPU.ActiveCfg = Release|Any CPU
		{1C7EB321-8DC4-44BC-93D7-C851762011E5}.Release|Any CPU.Build.0 = Release|Any CPU
		{1C7EB321-8DC4-44BC-93D7-C851762011E5}.Release|Itanium.ActiveCfg = Release|Any CPU
		{1C7EB321-8DC4-44BC-93D7-C851762011E5}.Release|Mixed Platforms.ActiveCfg = Release|Any CPU
		{1C7EB321-8DC4-44BC-93D7-C851762011E5}.Release|Mixed Platforms.Build.0 = Release|Any CPU
		{1C7EB321-8DC4-44BC-93D7-C851762011E5}.Release|x64.ActiveCfg = Release|x64
		{1C7EB321-8DC4-44BC-93D7-C851762011E5}.Release|x64.Build.0 = Release|x64
		{1C7EB321-8DC4-44BC-93D7-C851762011E5}.Release|x86.ActiveCfg = Release|Any CPU
		{732720FE-3BEE-46CA-A269-66ED028C31AA}.ClickOnce Deployment|Any CPU.ActiveCfg = ClickOnce Deployment|Any CPU
		{732720FE-3BEE-46CA-A269-66ED028C31AA}.ClickOnce Deployment|Any CPU.Build.0 = ClickOnce Deployment|Any CPU
		{732720FE-3BEE-46CA-A269-66ED028C31AA}.ClickOnce Deployment|Itanium.ActiveCfg = ClickOnce Deployment|Any CPU
		{732720FE-3BEE-46CA-A269-66ED028C31AA}.ClickOnce Deployment|Mixed Platforms.ActiveCfg = ClickOnce Deployment|x64
		{732720FE-3BEE-46CA-A269-66ED028C31AA}.ClickOnce Deployment|Mixed Platforms.Build.0 = ClickOnce Deployment|x64
		{732720FE-3BEE-46CA-A269-66ED028C31AA}.ClickOnce Deployment|x64.ActiveCfg = ClickOnce Deployment|x64
		{732720FE-3BEE-46CA-A269-66ED028C31AA}.ClickOnce Deployment|x64.Build.0 = ClickOnce Deployment|x64
		{732720FE-3BEE-46CA-A269-66ED028C31AA}.ClickOnce Deployment|x86.ActiveCfg = ClickOnce Deployment|x86
		{732720FE-3BEE-46CA-A269-66ED028C31AA}.ClickOnce Deployment|x86.Build.0 = ClickOnce Deployment|x86
		{732720FE-3BEE-46CA-A269-66ED028C31AA}.Debug|Any CPU.ActiveCfg = Debug|x86
		{732720FE-3BEE-46CA-A269-66ED028C31AA}.Debug|Any CPU.Build.0 = Debug|x86
		{732720FE-3BEE-46CA-A269-66ED028C31AA}.Debug|Itanium.ActiveCfg = Debug|Any CPU
		{732720FE-3BEE-46CA-A269-66ED028C31AA}.Debug|Mixed Platforms.ActiveCfg = Debug|Any CPU
		{732720FE-3BEE-46CA-A269-66ED028C31AA}.Debug|Mixed Platforms.Build.0 = Debug|Any CPU
		{732720FE-3BEE-46CA-A269-66ED028C31AA}.Debug|x64.ActiveCfg = Debug|x64
		{732720FE-3BEE-46CA-A269-66ED028C31AA}.Debug|x64.Build.0 = Debug|x64
		{732720FE-3BEE-46CA-A269-66ED028C31AA}.Debug|x86.ActiveCfg = Debug|x86
		{732720FE-3BEE-46CA-A269-66ED028C31AA}.Debug|x86.Build.0 = Debug|x86
		{732720FE-3BEE-46CA-A269-66ED028C31AA}.Release|Any CPU.ActiveCfg = Release|Any CPU
		{732720FE-3BEE-46CA-A269-66ED028C31AA}.Release|Any CPU.Build.0 = Release|Any CPU
		{732720FE-3BEE-46CA-A269-66ED028C31AA}.Release|Itanium.ActiveCfg = Release|Any CPU
		{732720FE-3BEE-46CA-A269-66ED028C31AA}.Release|Mixed Platforms.ActiveCfg = Release|Any CPU
		{732720FE-3BEE-46CA-A269-66ED028C31AA}.Release|Mixed Platforms.Build.0 = Release|Any CPU
		{732720FE-3BEE-46CA-A269-66ED028C31AA}.Release|x64.ActiveCfg = Release|x64
		{732720FE-3BEE-46CA-A269-66ED028C31AA}.Release|x64.Build.0 = Release|x64
		{732720FE-3BEE-46CA-A269-66ED028C31AA}.Release|x86.ActiveCfg = Release|Any CPU
		{21728AAC-43C0-4E46-9243-E5A0A67E76B0}.ClickOnce Deployment|Any CPU.ActiveCfg = ClickOnce Deployment|Any CPU
		{21728AAC-43C0-4E46-9243-E5A0A67E76B0}.ClickOnce Deployment|Any CPU.Build.0 = ClickOnce Deployment|Any CPU
		{21728AAC-43C0-4E46-9243-E5A0A67E76B0}.ClickOnce Deployment|Itanium.ActiveCfg = ClickOnce Deployment|Any CPU
		{21728AAC-43C0-4E46-9243-E5A0A67E76B0}.ClickOnce Deployment|Mixed Platforms.ActiveCfg = ClickOnce Deployment|x64
		{21728AAC-43C0-4E46-9243-E5A0A67E76B0}.ClickOnce Deployment|Mixed Platforms.Build.0 = ClickOnce Deployment|x64
		{21728AAC-43C0-4E46-9243-E5A0A67E76B0}.ClickOnce Deployment|x64.ActiveCfg = ClickOnce Deployment|x64
		{21728AAC-43C0-4E46-9243-E5A0A67E76B0}.ClickOnce Deployment|x64.Build.0 = ClickOnce Deployment|x64
		{21728AAC-43C0-4E46-9243-E5A0A67E76B0}.ClickOnce Deployment|x86.ActiveCfg = ClickOnce Deployment|x86
		{21728AAC-43C0-4E46-9243-E5A0A67E76B0}.ClickOnce Deployment|x86.Build.0 = ClickOnce Deployment|x86
		{21728AAC-43C0-4E46-9243-E5A0A67E76B0}.Debug|Any CPU.ActiveCfg = Debug|x86
		{21728AAC-43C0-4E46-9243-E5A0A67E76B0}.Debug|Any CPU.Build.0 = Debug|x86
		{21728AAC-43C0-4E46-9243-E5A0A67E76B0}.Debug|Itanium.ActiveCfg = Debug|Any CPU
		{21728AAC-43C0-4E46-9243-E5A0A67E76B0}.Debug|Mixed Platforms.ActiveCfg = Debug|Any CPU
		{21728AAC-43C0-4E46-9243-E5A0A67E76B0}.Debug|Mixed Platforms.Build.0 = Debug|Any CPU
		{21728AAC-43C0-4E46-9243-E5A0A67E76B0}.Debug|x64.ActiveCfg = Debug|x64
		{21728AAC-43C0-4E46-9243-E5A0A67E76B0}.Debug|x64.Build.0 = Debug|x64
		{21728AAC-43C0-4E46-9243-E5A0A67E76B0}.Debug|x86.ActiveCfg = Debug|x86
		{21728AAC-43C0-4E46-9243-E5A0A67E76B0}.Debug|x86.Build.0 = Debug|x86
		{21728AAC-43C0-4E46-9243-E5A0A67E76B0}.Release|Any CPU.ActiveCfg = Release|Any CPU
		{21728AAC-43C0-4E46-9243-E5A0A67E76B0}.Release|Any CPU.Build.0 = Release|Any CPU
		{21728AAC-43C0-4E46-9243-E5A0A67E76B0}.Release|Itanium.ActiveCfg = Release|Any CPU
		{21728AAC-43C0-4E46-9243-E5A0A67E76B0}.Release|Mixed Platforms.ActiveCfg = Release|Any CPU
		{21728AAC-43C0-4E46-9243-E5A0A67E76B0}.Release|Mixed Platforms.Build.0 = Release|Any CPU
		{21728AAC-43C0-4E46-9243-E5A0A67E76B0}.Release|x64.ActiveCfg = Release|x64
		{21728AAC-43C0-4E46-9243-E5A0A67E76B0}.Release|x64.Build.0 = Release|x64
		{21728AAC-43C0-4E46-9243-E5A0A67E76B0}.Release|x86.ActiveCfg = Release|Any CPU
		{66F9202B-23E1-47E1-AEA6-3CF88FA1DC01}.ClickOnce Deployment|Any CPU.ActiveCfg = ClickOnce Deployment|Any CPU
		{66F9202B-23E1-47E1-AEA6-3CF88FA1DC01}.ClickOnce Deployment|Itanium.ActiveCfg = ClickOnce Deployment|Any CPU
		{66F9202B-23E1-47E1-AEA6-3CF88FA1DC01}.ClickOnce Deployment|Mixed Platforms.ActiveCfg = ClickOnce Deployment|x64
		{66F9202B-23E1-47E1-AEA6-3CF88FA1DC01}.ClickOnce Deployment|Mixed Platforms.Build.0 = ClickOnce Deployment|x64
		{66F9202B-23E1-47E1-AEA6-3CF88FA1DC01}.ClickOnce Deployment|x64.ActiveCfg = ClickOnce Deployment|x64
		{66F9202B-23E1-47E1-AEA6-3CF88FA1DC01}.ClickOnce Deployment|x86.ActiveCfg = ClickOnce Deployment|x86
		{66F9202B-23E1-47E1-AEA6-3CF88FA1DC01}.Debug|Any CPU.ActiveCfg = Debug|x86
		{66F9202B-23E1-47E1-AEA6-3CF88FA1DC01}.Debug|Any CPU.Build.0 = Debug|x86
		{66F9202B-23E1-47E1-AEA6-3CF88FA1DC01}.Debug|Itanium.ActiveCfg = Debug|Any CPU
		{66F9202B-23E1-47E1-AEA6-3CF88FA1DC01}.Debug|Mixed Platforms.ActiveCfg = Debug|Any CPU
		{66F9202B-23E1-47E1-AEA6-3CF88FA1DC01}.Debug|Mixed Platforms.Build.0 = Debug|Any CPU
		{66F9202B-23E1-47E1-AEA6-3CF88FA1DC01}.Debug|x64.ActiveCfg = Debug|x64
		{66F9202B-23E1-47E1-AEA6-3CF88FA1DC01}.Debug|x64.Build.0 = Debug|x64
		{66F9202B-23E1-47E1-AEA6-3CF88FA1DC01}.Debug|x86.ActiveCfg = Debug|x86
		{66F9202B-23E1-47E1-AEA6-3CF88FA1DC01}.Release|Any CPU.ActiveCfg = Release|Any CPU
		{66F9202B-23E1-47E1-AEA6-3CF88FA1DC01}.Release|Any CPU.Build.0 = Release|Any CPU
		{66F9202B-23E1-47E1-AEA6-3CF88FA1DC01}.Release|Itanium.ActiveCfg = Release|Any CPU
		{66F9202B-23E1-47E1-AEA6-3CF88FA1DC01}.Release|Mixed Platforms.ActiveCfg = Release|Any CPU
		{66F9202B-23E1-47E1-AEA6-3CF88FA1DC01}.Release|Mixed Platforms.Build.0 = Release|Any CPU
		{66F9202B-23E1-47E1-AEA6-3CF88FA1DC01}.Release|x64.ActiveCfg = Release|x64
		{66F9202B-23E1-47E1-AEA6-3CF88FA1DC01}.Release|x64.Build.0 = Release|x64
		{66F9202B-23E1-47E1-AEA6-3CF88FA1DC01}.Release|x86.ActiveCfg = Release|Any CPU
		{9CDAFD9F-1CBA-450B-9CE5-CB6CDB9A5640}.ClickOnce Deployment|Any CPU.ActiveCfg = ClickOnce Deployment|Any CPU
		{9CDAFD9F-1CBA-450B-9CE5-CB6CDB9A5640}.ClickOnce Deployment|Any CPU.Build.0 = ClickOnce Deployment|Any CPU
		{9CDAFD9F-1CBA-450B-9CE5-CB6CDB9A5640}.ClickOnce Deployment|Itanium.ActiveCfg = ClickOnce Deployment|Any CPU
		{9CDAFD9F-1CBA-450B-9CE5-CB6CDB9A5640}.ClickOnce Deployment|Mixed Platforms.ActiveCfg = ClickOnce Deployment|x64
		{9CDAFD9F-1CBA-450B-9CE5-CB6CDB9A5640}.ClickOnce Deployment|Mixed Platforms.Build.0 = ClickOnce Deployment|x64
		{9CDAFD9F-1CBA-450B-9CE5-CB6CDB9A5640}.ClickOnce Deployment|x64.ActiveCfg = ClickOnce Deployment|x64
		{9CDAFD9F-1CBA-450B-9CE5-CB6CDB9A5640}.ClickOnce Deployment|x64.Build.0 = ClickOnce Deployment|x64
		{9CDAFD9F-1CBA-450B-9CE5-CB6CDB9A5640}.ClickOnce Deployment|x86.ActiveCfg = ClickOnce Deployment|x86
		{9CDAFD9F-1CBA-450B-9CE5-CB6CDB9A5640}.ClickOnce Deployment|x86.Build.0 = ClickOnce Deployment|x86
		{9CDAFD9F-1CBA-450B-9CE5-CB6CDB9A5640}.Debug|Any CPU.ActiveCfg = Debug|x86
		{9CDAFD9F-1CBA-450B-9CE5-CB6CDB9A5640}.Debug|Any CPU.Build.0 = Debug|x86
		{9CDAFD9F-1CBA-450B-9CE5-CB6CDB9A5640}.Debug|Itanium.ActiveCfg = Debug|Any CPU
		{9CDAFD9F-1CBA-450B-9CE5-CB6CDB9A5640}.Debug|Mixed Platforms.ActiveCfg = Debug|Any CPU
		{9CDAFD9F-1CBA-450B-9CE5-CB6CDB9A5640}.Debug|Mixed Platforms.Build.0 = Debug|Any CPU
		{9CDAFD9F-1CBA-450B-9CE5-CB6CDB9A5640}.Debug|x64.ActiveCfg = Debug|x64
		{9CDAFD9F-1CBA-450B-9CE5-CB6CDB9A5640}.Debug|x64.Build.0 = Debug|x64
		{9CDAFD9F-1CBA-450B-9CE5-CB6CDB9A5640}.Debug|x86.ActiveCfg = Debug|x86
		{9CDAFD9F-1CBA-450B-9CE5-CB6CDB9A5640}.Debug|x86.Build.0 = Debug|x86
		{9CDAFD9F-1CBA-450B-9CE5-CB6CDB9A5640}.Release|Any CPU.ActiveCfg = Release|Any CPU
		{9CDAFD9F-1CBA-450B-9CE5-CB6CDB9A5640}.Release|Any CPU.Build.0 = Release|Any CPU
		{9CDAFD9F-1CBA-450B-9CE5-CB6CDB9A5640}.Release|Itanium.ActiveCfg = Release|Any CPU
		{9CDAFD9F-1CBA-450B-9CE5-CB6CDB9A5640}.Release|Mixed Platforms.ActiveCfg = Release|Any CPU
		{9CDAFD9F-1CBA-450B-9CE5-CB6CDB9A5640}.Release|Mixed Platforms.Build.0 = Release|Any CPU
		{9CDAFD9F-1CBA-450B-9CE5-CB6CDB9A5640}.Release|x64.ActiveCfg = Release|x64
		{9CDAFD9F-1CBA-450B-9CE5-CB6CDB9A5640}.Release|x64.Build.0 = Release|x64
		{9CDAFD9F-1CBA-450B-9CE5-CB6CDB9A5640}.Release|x86.ActiveCfg = Release|Any CPU
		{94D3BC7D-258A-421F-808F-DA7C5A35ECC7}.ClickOnce Deployment|Any CPU.ActiveCfg = ClickOnce Deployment|Any CPU
		{94D3BC7D-258A-421F-808F-DA7C5A35ECC7}.ClickOnce Deployment|Any CPU.Build.0 = ClickOnce Deployment|Any CPU
		{94D3BC7D-258A-421F-808F-DA7C5A35ECC7}.ClickOnce Deployment|Itanium.ActiveCfg = ClickOnce Deployment|Itanium
		{94D3BC7D-258A-421F-808F-DA7C5A35ECC7}.ClickOnce Deployment|Itanium.Build.0 = ClickOnce Deployment|Itanium
		{94D3BC7D-258A-421F-808F-DA7C5A35ECC7}.ClickOnce Deployment|Mixed Platforms.ActiveCfg = ClickOnce Deployment|x64
		{94D3BC7D-258A-421F-808F-DA7C5A35ECC7}.ClickOnce Deployment|Mixed Platforms.Build.0 = ClickOnce Deployment|x64
		{94D3BC7D-258A-421F-808F-DA7C5A35ECC7}.ClickOnce Deployment|x64.ActiveCfg = ClickOnce Deployment|x64
		{94D3BC7D-258A-421F-808F-DA7C5A35ECC7}.ClickOnce Deployment|x64.Build.0 = ClickOnce Deployment|x64
		{94D3BC7D-258A-421F-808F-DA7C5A35ECC7}.ClickOnce Deployment|x86.ActiveCfg = ClickOnce Deployment|x86
		{94D3BC7D-258A-421F-808F-DA7C5A35ECC7}.ClickOnce Deployment|x86.Build.0 = ClickOnce Deployment|x86
		{94D3BC7D-258A-421F-808F-DA7C5A35ECC7}.Debug|Any CPU.ActiveCfg = Debug|x86
		{94D3BC7D-258A-421F-808F-DA7C5A35ECC7}.Debug|Any CPU.Build.0 = Debug|x86
		{94D3BC7D-258A-421F-808F-DA7C5A35ECC7}.Debug|Itanium.ActiveCfg = Debug|Itanium
		{94D3BC7D-258A-421F-808F-DA7C5A35ECC7}.Debug|Itanium.Build.0 = Debug|Itanium
		{94D3BC7D-258A-421F-808F-DA7C5A35ECC7}.Debug|Mixed Platforms.ActiveCfg = Debug|Any CPU
		{94D3BC7D-258A-421F-808F-DA7C5A35ECC7}.Debug|Mixed Platforms.Build.0 = Debug|Any CPU
		{94D3BC7D-258A-421F-808F-DA7C5A35ECC7}.Debug|x64.ActiveCfg = Debug|x64
		{94D3BC7D-258A-421F-808F-DA7C5A35ECC7}.Debug|x64.Build.0 = Debug|x64
		{94D3BC7D-258A-421F-808F-DA7C5A35ECC7}.Debug|x86.ActiveCfg = Debug|x86
		{94D3BC7D-258A-421F-808F-DA7C5A35ECC7}.Debug|x86.Build.0 = Debug|x86
		{94D3BC7D-258A-421F-808F-DA7C5A35ECC7}.Release|Any CPU.ActiveCfg = Release|Any CPU
		{94D3BC7D-258A-421F-808F-DA7C5A35ECC7}.Release|Any CPU.Build.0 = Release|Any CPU
		{94D3BC7D-258A-421F-808F-DA7C5A35ECC7}.Release|Itanium.ActiveCfg = Release|Itanium
		{94D3BC7D-258A-421F-808F-DA7C5A35ECC7}.Release|Itanium.Build.0 = Release|Itanium
		{94D3BC7D-258A-421F-808F-DA7C5A35ECC7}.Release|Mixed Platforms.ActiveCfg = Release|Any CPU
		{94D3BC7D-258A-421F-808F-DA7C5A35ECC7}.Release|Mixed Platforms.Build.0 = Release|Any CPU
		{94D3BC7D-258A-421F-808F-DA7C5A35ECC7}.Release|x64.ActiveCfg = Release|x64
		{94D3BC7D-258A-421F-808F-DA7C5A35ECC7}.Release|x64.Build.0 = Release|x64
		{94D3BC7D-258A-421F-808F-DA7C5A35ECC7}.Release|x86.ActiveCfg = Release|Any CPU
	EndGlobalSection
	GlobalSection(SolutionProperties) = preSolution
		HideSolutionNode = FALSE
	EndGlobalSection
	GlobalSection(NestedProjects) = preSolution
		{FB00C8E7-1EB7-47CF-9BA5-2C7BEF96EDF7} = {D4548BF6-FDD3-4BB6-8886-32ECD85E5C58}
		{15207664-0380-4CD6-B827-8505EE109235} = {D4548BF6-FDD3-4BB6-8886-32ECD85E5C58}
		{ADA57A75-5E31-4FAF-829C-4AA513513E2B} = {D4548BF6-FDD3-4BB6-8886-32ECD85E5C58}
		{1C7EB321-8DC4-44BC-93D7-C851762011E5} = {F7AF637F-C905-4F00-A40C-E2D7D353CF77}
		{732720FE-3BEE-46CA-A269-66ED028C31AA} = {F7AF637F-C905-4F00-A40C-E2D7D353CF77}
		{21728AAC-43C0-4E46-9243-E5A0A67E76B0} = {9347B6F4-9039-4266-B689-4483AE99898C}
		{66F9202B-23E1-47E1-AEA6-3CF88FA1DC01} = {966FD70D-BBD0-4C4A-8517-D88C0A16FAD7}
		{9CDAFD9F-1CBA-450B-9CE5-CB6CDB9A5640} = {C2C70ED4-37E5-4A25-90A6-5C1F31A2E178}
		{94D3BC7D-258A-421F-808F-DA7C5A35ECC7} = {77BBBE40-FDAB-4495-B787-C1D93CD82810}
	EndGlobalSection
	GlobalSection(ExtensibilityGlobals) = postSolution
		SolutionGuid = {6A36CE9D-D80F-44AD-A469-D3A41AF800C9}
	EndGlobalSection
EndGlobal
